
Microsoft Visual Studio Solution File, Format Version 12.00
# Visual Studio Version 17
VisualStudioVersion = 17.14.36518.9 d17.14
MinimumVisualStudioVersion = 10.0.40219.1
Project("{FAE04EC0-301F-11D3-BF4B-00C04F79EFBC}") = "EJ1", "EJ1\EJ1.csproj", "{02AEBB86-0F95-4E57-B979-12057BFFDE84}"
EndProject
Global
	GlobalSection(SolutionConfigurationPlatforms) = preSolution
		Debug|Any CPU = Debug|Any CPU
		Release|Any CPU = Release|Any CPU
	EndGlobalSection
	GlobalSection(ProjectConfigurationPlatforms) = postSolution
		{02AEBB86-0F95-4E57-B979-12057BFFDE84}.Debug|Any CPU.ActiveCfg = Debug|Any CPU
		{02AEBB86-0F95-4E57-B979-12057BFFDE84}.Debug|Any CPU.Build.0 = Debug|Any CPU
		{02AEBB86-0F95-4E57-B979-12057BFFDE84}.Release|Any CPU.ActiveCfg = Release|Any CPU
		{02AEBB86-0F95-4E57-B979-12057BFFDE84}.Release|Any CPU.Build.0 = Release|Any CPU
	EndGlobalSection
	GlobalSection(SolutionProperties) = preSolution
		HideSolutionNode = FALSE
	EndGlobalSection
	GlobalSection(ExtensibilityGlobals) = postSolution
		SolutionGuid = {675590DD-0903-43E8-A32F-3C0DB17A8F58}
	EndGlobalSection
EndGlobal
